
Microsoft Visual Studio Solution File, Format Version 12.00
# Visual Studio 15
VisualStudioVersion = 15.0.28307.136
MinimumVisualStudioVersion = 10.0.40219.1
Project("{2150E333-8FDC-42A3-9474-1A3956D46DE8}") = "Graphics", "Graphics", "{291ED8B7-4427-43A7-99BE-0D05EA3F2744}"
	ProjectSection(SolutionItems) = preProject
		campus.PNG = campus.PNG
		Document_of_Finished_PSC_Project.pdf = Document_of_Finished_PSC_Project.pdf
		flower.PNG = flower.PNG
		gpa1.PNG = gpa1.PNG
		honors.PNG = honors.PNG
		pro.PNG = pro.PNG
		skills.PNG = skills.PNG
		writting1.PNG = writting1.PNG
		writting2.png = writting2.png
		writting3.png = writting3.png
	EndProjectSection
EndProject
Global
	GlobalSection(SolutionProperties) = preSolution
		HideSolutionNode = FALSE
	EndGlobalSection
	GlobalSection(ExtensibilityGlobals) = postSolution
		SolutionGuid = {74252A47-A3E4-4BAC-BCAA-9E04E6FA6D73}
	EndGlobalSection
EndGlobal
